
Microsoft Visual Studio Solution File, Format Version 12.00
# Visual Studio Version 17
VisualStudioVersion = 17.11.35222.181
MinimumVisualStudioVersion = 10.0.40219.1
Project("{FAE04EC0-301F-11D3-BF4B-00C04F79EFBC}") = "OODP", "OODP\OODP.csproj", "{9C3AC102-FAEB-45F6-8E4A-5AA9A86830E3}"
EndProject
Project("{FAE04EC0-301F-11D3-BF4B-00C04F79EFBC}") = "4iradTests", "4iradTests\4iradTests.csproj", "{F2771A7D-298A-4958-A8D7-B4B98552464A}"
EndProject
Global
	GlobalSection(SolutionConfigurationPlatforms) = preSolution
		Debug|Any CPU = Debug|Any CPU
		Release|Any CPU = Release|Any CPU
	EndGlobalSection
	GlobalSection(ProjectConfigurationPlatforms) = postSolution
		{9C3AC102-FAEB-45F6-8E4A-5AA9A86830E3}.Debug|Any CPU.ActiveCfg = Debug|Any CPU
		{9C3AC102-FAEB-45F6-8E4A-5AA9A86830E3}.Debug|Any CPU.Build.0 = Debug|Any CPU
		{9C3AC102-FAEB-45F6-8E4A-5AA9A86830E3}.Release|Any CPU.ActiveCfg = Release|Any CPU
		{9C3AC102-FAEB-45F6-8E4A-5AA9A86830E3}.Release|Any CPU.Build.0 = Release|Any CPU
		{F2771A7D-298A-4958-A8D7-B4B98552464A}.Debug|Any CPU.ActiveCfg = Debug|Any CPU
		{F2771A7D-298A-4958-A8D7-B4B98552464A}.Debug|Any CPU.Build.0 = Debug|Any CPU
		{F2771A7D-298A-4958-A8D7-B4B98552464A}.Release|Any CPU.ActiveCfg = Release|Any CPU
		{F2771A7D-298A-4958-A8D7-B4B98552464A}.Release|Any CPU.Build.0 = Release|Any CPU
	EndGlobalSection
	GlobalSection(SolutionProperties) = preSolution
		HideSolutionNode = FALSE
	EndGlobalSection
	GlobalSection(ExtensibilityGlobals) = postSolution
		SolutionGuid = {2BD518D7-4E78-42F4-8A7F-824DF5A70A0E}
	EndGlobalSection
EndGlobal
